// !$*UTF8*$!
{
	archiveVersion = 1;
	classes = {
	};
	objectVersion = 77;
	objects = {

/* Begin PBXContainerItemProxy section */
		BDA489752DDF6BD000E4E4C0 /* PBXContainerItemProxy */ = {
			isa = PBXContainerItemProxy;
			containerPortal = BDA4895F2DDF6BCF00E4E4C0 /* Project object */;
			proxyType = 1;
			remoteGlobalIDString = BDA489662DDF6BCF00E4E4C0;
			remoteInfo = AINotes;
		};
		BDA4897F2DDF6BD000E4E4C0 /* PBXContainerItemProxy */ = {
			isa = PBXContainerItemProxy;
			containerPortal = BDA4895F2DDF6BCF00E4E4C0 /* Project object */;
			proxyType = 1;
			remoteGlobalIDString = BDA489662DDF6BCF00E4E4C0;
			remoteInfo = AINotes;
		};
/* End PBXContainerItemProxy section */

/* Begin PBXFileReference section */
		BDA489672DDF6BCF00E4E4C0 /* AINotes.app */ = {isa = PBXFileReference; explicitFileType = wrapper.application; includeInIndex = 0; path = AINotes.app; sourceTree = BUILT_PRODUCTS_DIR; };
		BDA489742DDF6BD000E4E4C0 /* AINotesTests.xctest */ = {isa = PBXFileReference; explicitFileType = wrapper.cfbundle; includeInIndex = 0; path = AINotesTests.xctest; sourceTree = BUILT_PRODUCTS_DIR; };
		BDA4897E2DDF6BD000E4E4C0 /* AINotesUITests.xctest */ = {isa = PBXFileReference; explicitFileType = wrapper.cfbundle; includeInIndex = 0; path = AINotesUITests.xctest; sourceTree = BUILT_PRODUCTS_DIR; };
/* End PBXFileReference section */

/* Begin PBXFileSystemSynchronizedRootGroup section */
		BDA489692DDF6BCF00E4E4C0 /* AINotes */ = {
			isa = PBXFileSystemSynchronizedRootGroup;
			path = AINotes;
			sourceTree = "<group>";
		};
		BDA489772DDF6BD000E4E4C0 /* AINotesTests */ = {
			isa = PBXFileSystemSynchronizedRootGroup;
			path = AINotesTests;
			sourceTree = "<group>";
		};
		BDA489812DDF6BD000E4E4C0 /* AINotesUITests */ = {
			isa = PBXFileSystemSynchronizedRootGroup;
			path = AINotesUITests;
			sourceTree = "<group>";
		};
/* End PBXFileSystemSynchronizedRootGroup section */

/* Begin PBXFrameworksBuildPhase section */
		BDA489642DDF6BCF00E4E4C0 /* Frameworks */ = {
			isa = PBXFrameworksBuildPhase;
			buildActionMask = 2147483647;
			files = (
			);
			runOnlyForDeploymentPostprocessing = 0;
		};
		BDA489712DDF6BD000E4E4C0 /* Frameworks */ = {
			isa = PBXFrameworksBuildPhase;
			buildActionMask = 2147483647;
			files = (
			);
			runOnlyForDeploymentPostprocessing = 0;
		};
		BDA4897B2DDF6BD000E4E4C0 /* Frameworks */ = {
			isa = PBXFrameworksBuildPhase;
			buildActionMask = 2147483647;
			files = (
			);
			runOnlyForDeploymentPostprocessing = 0;
		};
/* End PBXFrameworksBuildPhase section */

/* Begin PBXGroup section */
		BDA4895E2DDF6BCF00E4E4C0 = {
			isa = PBXGroup;
			children = (
				BDA489692DDF6BCF00E4E4C0 /* AINotes */,
				BDA489772DDF6BD000E4E4C0 /* AINotesTests */,
				BDA489812DDF6BD000E4E4C0 /* AINotesUITests */,
				BDA489682DDF6BCF00E4E4C0 /* Products */,
			);
			sourceTree = "<group>";
		};
		BDA489682DDF6BCF00E4E4C0 /* Products */ = {
			isa = PBXGroup;
			children = (
				BDA489672DDF6BCF00E4E4C0 /* AINotes.app */,
				BDA489742DDF6BD000E4E4C0 /* AINotesTests.xctest */,
				BDA4897E2DDF6BD000E4E4C0 /* AINotesUITests.xctest */,
			);
			name = Products;
			sourceTree = "<group>";
		};
/* End PBXGroup section */

/* Begin PBXNativeTarget section */
		BDA489662DDF6BCF00E4E4C0 /* AINotes */ = {
			isa = PBXNativeTarget;
			buildConfigurationList = BDA489882DDF6BD000E4E4C0 /* Build configuration list for PBXNativeTarget "AINotes" */;
			buildPhases = (
				BDA489632DDF6BCF00E4E4C0 /* Sources */,
				BDA489642DDF6BCF00E4E4C0 /* Frameworks */,
				BDA489652DDF6BCF00E4E4C0 /* Resources */,
			);
			buildRules = (
			);
			dependencies = (
			);
			fileSystemSynchronizedGroups = (
				BDA489692DDF6BCF00E4E4C0 /* AINotes */,
			);
			name = AINotes;
			packageProductDependencies = (
			);
			productName = AINotes;
			productReference = BDA489672DDF6BCF00E4E4C0 /* AINotes.app */;
			productType = "com.apple.product-type.application";
		};
		BDA489732DDF6BD000E4E4C0 /* AINotesTests */ = {
			isa = PBXNativeTarget;
			buildConfigurationList = BDA4898B2DDF6BD000E4E4C0 /* Build configuration list for PBXNativeTarget "AINotesTests" */;
			buildPhases = (
				BDA489702DDF6BD000E4E4C0 /* Sources */,
				BDA489712DDF6BD000E4E4C0 /* Frameworks */,
				BDA489722DDF6BD000E4E4C0 /* Resources */,
			);
			buildRules = (
			);
			dependencies = (
				BDA489762DDF6BD000E4E4C0 /* PBXTargetDependency */,
			);
			fileSystemSynchronizedGroups = (
				BDA489772DDF6BD000E4E4C0 /* AINotesTests */,
			);
			name = AINotesTests;
			packageProductDependencies = (
			);
			productName = AINotesTests;
			productReference = BDA489742DDF6BD000E4E4C0 /* AINotesTests.xctest */;
			productType = "com.apple.product-type.bundle.unit-test";
		};
		BDA4897D2DDF6BD000E4E4C0 /* AINotesUITests */ = {
			isa = PBXNativeTarget;
			buildConfigurationList = BDA4898E2DDF6BD000E4E4C0 /* Build configuration list for PBXNativeTarget "AINotesUITests" */;
			buildPhases = (
				BDA4897A2DDF6BD000E4E4C0 /* Sources */,
				BDA4897B2DDF6BD000E4E4C0 /* Frameworks */,
				BDA4897C2DDF6BD000E4E4C0 /* Resources */,
			);
			buildRules = (
			);
			dependencies = (
				BDA489802DDF6BD000E4E4C0 /* PBXTargetDependency */,
			);
			fileSystemSynchronizedGroups = (
				BDA489812DDF6BD000E4E4C0 /* AINotesUITests */,
			);
			name = AINotesUITests;
			packageProductDependencies = (
			);
			productName = AINotesUITests;
			productReference = BDA4897E2DDF6BD000E4E4C0 /* AINotesUITests.xctest */;
			productType = "com.apple.product-type.bundle.ui-testing";
		};
/* End PBXNativeTarget section */

/* Begin PBXProject section */
		BDA4895F2DDF6BCF00E4E4C0 /* Project object */ = {
			isa = PBXProject;
			attributes = {
				BuildIndependentTargetsInParallel = 1;
				LastSwiftUpdateCheck = 1630;
				LastUpgradeCheck = 1630;
				TargetAttributes = {
					BDA489662DDF6BCF00E4E4C0 = {
						CreatedOnToolsVersion = 16.3;
					};
					BDA489732DDF6BD000E4E4C0 = {
						CreatedOnToolsVersion = 16.3;
						TestTargetID = BDA489662DDF6BCF00E4E4C0;
					};
					BDA4897D2DDF6BD000E4E4C0 = {
						CreatedOnToolsVersion = 16.3;
						TestTargetID = BDA489662DDF6BCF00E4E4C0;
					};
				};
			};
			buildConfigurationList = BDA489622DDF6BCF00E4E4C0 /* Build configuration list for PBXProject "AINotes" */;
			developmentRegion = en;
			hasScannedForEncodings = 0;
			knownRegions = (
				en,
				Base,
			);
			mainGroup = BDA4895E2DDF6BCF00E4E4C0;
			minimizedProjectReferenceProxies = 1;
			preferredProjectObjectVersion = 77;
			productRefGroup = BDA489682DDF6BCF00E4E4C0 /* Products */;
			projectDirPath = "";
			projectRoot = "";
			targets = (
				BDA489662DDF6BCF00E4E4C0 /* AINotes */,
				BDA489732DDF6BD000E4E4C0 /* AINotesTests */,
				BDA4897D2DDF6BD000E4E4C0 /* AINotesUITests */,
			);
		};
/* End PBXProject section */

/* Begin PBXResourcesBuildPhase section */
		BDA489652DDF6BCF00E4E4C0 /* Resources */ = {
			isa = PBXResourcesBuildPhase;
			buildActionMask = 2147483647;
			files = (
			);
			runOnlyForDeploymentPostprocessing = 0;
		};
		BDA489722DDF6BD000E4E4C0 /* Resources */ = {
			isa = PBXResourcesBuildPhase;
			buildActionMask = 2147483647;
			files = (
			);
			runOnlyForDeploymentPostprocessing = 0;
		};
		BDA4897C2DDF6BD000E4E4C0 /* Resources */ = {
			isa = PBXResourcesBuildPhase;
			buildActionMask = 2147483647;
			files = (
			);
			runOnlyForDeploymentPostprocessing = 0;
		};
/* End PBXResourcesBuildPhase section */

/* Begin PBXSourcesBuildPhase section */
		BDA489632DDF6BCF00E4E4C0 /* Sources */ = {
			isa = PBXSourcesBuildPhase;
			buildActionMask = 2147483647;
			files = (
			);
			runOnlyForDeploymentPostprocessing = 0;
		};
		BDA489702DDF6BD000E4E4C0 /* Sources */ = {
			isa = PBXSourcesBuildPhase;
			buildActionMask = 2147483647;
			files = (
			);
			runOnlyForDeploymentPostprocessing = 0;
		};
		BDA4897A2DDF6BD000E4E4C0 /* Sources */ = {
			isa = PBXSourcesBuildPhase;
			buildActionMask = 2147483647;
			files = (
			);
			runOnlyForDeploymentPostprocessing = 0;
		};
/* End PBXSourcesBuildPhase section */

/* Begin PBXTargetDependency section */
		BDA489762DDF6BD000E4E4C0 /* PBXTargetDependency */ = {
			isa = PBXTargetDependency;
			target = BDA489662DDF6BCF00E4E4C0 /* AINotes */;
			targetProxy = BDA489752DDF6BD000E4E4C0 /* PBXContainerItemProxy */;
		};
		BDA489802DDF6BD000E4E4C0 /* PBXTargetDependency */ = {
			isa = PBXTargetDependency;
			target = BDA489662DDF6BCF00E4E4C0 /* AINotes */;
			targetProxy = BDA4897F2DDF6BD000E4E4C0 /* PBXContainerItemProxy */;
		};
/* End PBXTargetDependency section */

/* Begin XCBuildConfiguration section */
		BDA489862DDF6BD000E4E4C0 /* Debug */ = {
			isa = XCBuildConfiguration;
			buildSettings = {
				ALWAYS_SEARCH_USER_PATHS = NO;
				ASSETCATALOG_COMPILER_GENERATE_SWIFT_ASSET_SYMBOL_EXTENSIONS = YES;
				CLANG_ANALYZER_NONNULL = YES;
				CLANG_ANALYZER_NUMBER_OBJECT_CONVERSION = YES_AGGRESSIVE;
				CLANG_CXX_LANGUAGE_STANDARD = "gnu++20";
				CLANG_ENABLE_MODULES = YES;
				CLANG_ENABLE_OBJC_ARC = YES;
				CLANG_ENABLE_OBJC_WEAK = YES;
				CLANG_WARN_BLOCK_CAPTURE_AUTORELEASING = YES;
				CLANG_WARN_BOOL_CONVERSION = YES;
				CLANG_WARN_COMMA = YES;
				CLANG_WARN_CONSTANT_CONVERSION = YES;
				CLANG_WARN_DEPRECATED_OBJC_IMPLEMENTATIONS = YES;
				CLANG_WARN_DIRECT_OBJC_ISA_USAGE = YES_ERROR;
				CLANG_WARN_DOCUMENTATION_COMMENTS = YES;
				CLANG_WARN_EMPTY_BODY = YES;
				CLANG_WARN_ENUM_CONVERSION = YES;
				CLANG_WARN_INFINITE_RECURSION = YES;
				CLANG_WARN_INT_CONVERSION = YES;
				CLANG_WARN_NON_LITERAL_NULL_CONVERSION = YES;
				CLANG_WARN_OBJC_IMPLICIT_RETAIN_SELF = YES;
				CLANG_WARN_OBJC_LITERAL_CONVERSION = YES;
				CLANG_WARN_OBJC_ROOT_CLASS = YES_ERROR;
				CLANG_WARN_QUOTED_INCLUDE_IN_FRAMEWORK_HEADER = YES;
				CLANG_WARN_RANGE_LOOP_ANALYSIS = YES;
				CLANG_WARN_STRICT_PROTOTYPES = YES;
				CLANG_WARN_SUSPICIOUS_MOVE = YES;
				CLANG_WARN_UNGUARDED_AVAILABILITY = YES_AGGRESSIVE;
				CLANG_WARN_UNREACHABLE_CODE = YES;
				CLANG_WARN__DUPLICATE_METHOD_MATCH = YES;
				COPY_PHASE_STRIP = NO;
				DEBUG_INFORMATION_FORMAT = dwarf;
				ENABLE_STRICT_OBJC_MSGSEND = YES;
				ENABLE_TESTABILITY = YES;
				ENABLE_USER_SCRIPT_SANDBOXING = YES;
				GCC_C_LANGUAGE_STANDARD = gnu17;
				GCC_DYNAMIC_NO_PIC = NO;
				GCC_NO_COMMON_BLOCKS = YES;
				GCC_OPTIMIZATION_LEVEL = 0;
				GCC_PREPROCESSOR_DEFINITIONS = (
					"DEBUG=1",
					"$(inherited)",
				);
				GCC_WARN_64_TO_32_BIT_CONVERSION = YES;
				GCC_WARN_ABOUT_RETURN_TYPE = YES_ERROR;
				GCC_WARN_UNDECLARED_SELECTOR = YES;
				GCC_WARN_UNINITIALIZED_AUTOS = YES_AGGRESSIVE;
				GCC_WARN_UNUSED_FUNCTION = YES;
				GCC_WARN_UNUSED_VARIABLE = YES;
				IPHONEOS_DEPLOYMENT_TARGET = 18.4;
				LOCALIZATION_PREFERS_STRING_CATALOGS = YES;
				MTL_ENABLE_DEBUG_INFO = INCLUDE_SOURCE;
				MTL_FAST_MATH = YES;
				ONLY_ACTIVE_ARCH = YES;
				SDKROOT = iphoneos;
				SWIFT_ACTIVE_COMPILATION_CONDITIONS = "DEBUG $(inherited)";
				SWIFT_OPTIMIZATION_LEVEL = "-Onone";
			};
			name = Debug;
		};
		BDA489872DDF6BD000E4E4C0 /* Release */ = {
			isa = XCBuildConfiguration;
			buildSettings = {
				ALWAYS_SEARCH_USER_PATHS = NO;
				ASSETCATALOG_COMPILER_GENERATE_SWIFT_ASSET_SYMBOL_EXTENSIONS = YES;
				CLANG_ANALYZER_NONNULL = YES;
				CLANG_ANALYZER_NUMBER_OBJECT_CONVERSION = YES_AGGRESSIVE;
				CLANG_CXX_LANGUAGE_STANDARD = "gnu++20";
				CLANG_ENABLE_MODULES = YES;
				CLANG_ENABLE_OBJC_ARC = YES;
				CLANG_ENABLE_OBJC_WEAK = YES;
				CLANG_WARN_BLOCK_CAPTURE_AUTORELEASING = YES;
				CLANG_WARN_BOOL_CONVERSION = YES;
				CLANG_WARN_COMMA = YES;
				CLANG_WARN_CONSTANT_CONVERSION = YES;
				CLANG_WARN_DEPRECATED_OBJC_IMPLEMENTATIONS = YES;
				CLANG_WARN_DIRECT_OBJC_ISA_USAGE = YES_ERROR;
				CLANG_WARN_DOCUMENTATION_COMMENTS = YES;
				CLANG_WARN_EMPTY_BODY = YES;
				CLANG_WARN_ENUM_CONVERSION = YES;
				CLANG_WARN_INFINITE_RECURSION = YES;
				CLANG_WARN_INT_CONVERSION = YES;
				CLANG_WARN_NON_LITERAL_NULL_CONVERSION = YES;
				CLANG_WARN_OBJC_IMPLICIT_RETAIN_SELF = YES;
				CLANG_WARN_OBJC_LITERAL_CONVERSION = YES;
				CLANG_WARN_OBJC_ROOT_CLASS = YES_ERROR;
				CLANG_WARN_QUOTED_INCLUDE_IN_FRAMEWORK_HEADER = YES;
				CLANG_WARN_RANGE_LOOP_ANALYSIS = YES;
				CLANG_WARN_STRICT_PROTOTYPES = YES;
				CLANG_WARN_SUSPICIOUS_MOVE = YES;
				CLANG_WARN_UNGUARDED_AVAILABILITY = YES_AGGRESSIVE;
				CLANG_WARN_UNREACHABLE_CODE = YES;
				CLANG_WARN__DUPLICATE_METHOD_MATCH = YES;
				COPY_PHASE_STRIP = NO;
				DEBUG_INFORMATION_FORMAT = "dwarf-with-dsym";
				ENABLE_NS_ASSERTIONS = NO;
				ENABLE_STRICT_OBJC_MSGSEND = YES;
				ENABLE_USER_SCRIPT_SANDBOXING = YES;
				GCC_C_LANGUAGE_STANDARD = gnu17;
				GCC_NO_COMMON_BLOCKS = YES;
				GCC_WARN_64_TO_32_BIT_CONVERSION = YES;
				GCC_WARN_ABOUT_RETURN_TYPE = YES_ERROR;
				GCC_WARN_UNDECLARED_SELECTOR = YES;
				GCC_WARN_UNINITIALIZED_AUTOS = YES_AGGRESSIVE;
				GCC_WARN_UNUSED_FUNCTION = YES;
				GCC_WARN_UNUSED_VARIABLE = YES;
				IPHONEOS_DEPLOYMENT_TARGET = 18.4;
				LOCALIZATION_PREFERS_STRING_CATALOGS = YES;
				MTL_ENABLE_DEBUG_INFO = NO;
				MTL_FAST_MATH = YES;
				SDKROOT = iphoneos;
				SWIFT_COMPILATION_MODE = wholemodule;
				VALIDATE_PRODUCT = YES;
			};
			name = Release;
		};
		BDA489892DDF6BD000E4E4C0 /* Debug */ = {
			isa = XCBuildConfiguration;
			buildSettings = {
				ASSETCATALOG_COMPILER_APPICON_NAME = AppIcon;
				ASSETCATALOG_COMPILER_GLOBAL_ACCENT_COLOR_NAME = AccentColor;
				CODE_SIGN_STYLE = Automatic;
				CURRENT_PROJECT_VERSION = 1;
				ENABLE_PREVIEWS = YES;
				GENERATE_INFOPLIST_FILE = YES;
				INFOPLIST_KEY_UIApplicationSceneManifest_Generation = YES;
				INFOPLIST_KEY_UIApplicationSupportsIndirectInputEvents = YES;
				INFOPLIST_KEY_UILaunchScreen_Generation = YES;
				INFOPLIST_KEY_UISupportedInterfaceOrientations_iPad = "UIInterfaceOrientationPortrait UIInterfaceOrientationPortraitUpsideDown UIInterfaceOrientationLandscapeLeft UIInterfaceOrientationLandscapeRight";
				INFOPLIST_KEY_UISupportedInterfaceOrientations_iPhone = "UIInterfaceOrientationPortrait UIInterfaceOrientationLandscapeLeft UIInterfaceOrientationLandscapeRight";
				LD_RUNPATH_SEARCH_PATHS = (
					"$(inherited)",
					"@executable_path/Frameworks",
				);
				MARKETING_VERSION = 1.0;
				PRODUCT_BUNDLE_IDENTIFIER = MAC221.AINotes;
				PRODUCT_NAME = "$(TARGET_NAME)";
				SWIFT_EMIT_LOC_STRINGS = YES;
				SWIFT_VERSION = 5.0;
				TARGETED_DEVICE_FAMILY = "1,2";
			};
			name = Debug;
		};
		BDA4898A2DDF6BD000E4E4C0 /* Release */ = {
			isa = XCBuildConfiguration;
			buildSettings = {
				ASSETCATALOG_COMPILER_APPICON_NAME = AppIcon;
				ASSETCATALOG_COMPILER_GLOBAL_ACCENT_COLOR_NAME = AccentColor;
				CODE_SIGN_STYLE = Automatic;
				CURRENT_PROJECT_VERSION = 1;
				ENABLE_PREVIEWS = YES;
				GENERATE_INFOPLIST_FILE = YES;
				INFOPLIST_KEY_UIApplicationSceneManifest_Generation = YES;
				INFOPLIST_KEY_UIApplicationSupportsIndirectInputEvents = YES;
				INFOPLIST_KEY_UILaunchScreen_Generation = YES;
				INFOPLIST_KEY_UISupportedInterfaceOrientations_iPad = "UIInterfaceOrientationPortrait UIInterfaceOrientationPortraitUpsideDown UIInterfaceOrientationLandscapeLeft UIInterfaceOrientationLandscapeRight";
				INFOPLIST_KEY_UISupportedInterfaceOrientations_iPhone = "UIInterfaceOrientationPortrait UIInterfaceOrientationLandscapeLeft UIInterfaceOrientationLandscapeRight";
				LD_RUNPATH_SEARCH_PATHS = (
					"$(inherited)",
					"@executable_path/Frameworks",
				);
				MARKETING_VERSION = 1.0;
				PRODUCT_BUNDLE_IDENTIFIER = MAC221.AINotes;
				PRODUCT_NAME = "$(TARGET_NAME)";
				SWIFT_EMIT_LOC_STRINGS = YES;
				SWIFT_VERSION = 5.0;
				TARGETED_DEVICE_FAMILY = "1,2";
			};
			name = Release;
		};
		BDA4898C2DDF6BD000E4E4C0 /* Debug */ = {
			isa = XCBuildConfiguration;
			buildSettings = {
				BUNDLE_LOADER = "$(TEST_HOST)";
				CODE_SIGN_STYLE = Automatic;
				CURRENT_PROJECT_VERSION = 1;
				GENERATE_INFOPLIST_FILE = YES;
				IPHONEOS_DEPLOYMENT_TARGET = 18.4;
				MARKETING_VERSION = 1.0;
				PRODUCT_BUNDLE_IDENTIFIER = MAC221.AINotesTests;
				PRODUCT_NAME = "$(TARGET_NAME)";
				SWIFT_EMIT_LOC_STRINGS = NO;
				SWIFT_VERSION = 5.0;
				TARGETED_DEVICE_FAMILY = "1,2";
				TEST_HOST = "$(BUILT_PRODUCTS_DIR)/AINotes.app/$(BUNDLE_EXECUTABLE_FOLDER_PATH)/AINotes";
			};
			name = Debug;
		};
		BDA4898D2DDF6BD000E4E4C0 /* Release */ = {
			isa = XCBuildConfiguration;
			buildSettings = {
				BUNDLE_LOADER = "$(TEST_HOST)";
				CODE_SIGN_STYLE = Automatic;
				CURRENT_PROJECT_VERSION = 1;
				GENERATE_INFOPLIST_FILE = YES;
				IPHONEOS_DEPLOYMENT_TARGET = 18.4;
				MARKETING_VERSION = 1.0;
				PRODUCT_BUNDLE_IDENTIFIER = MAC221.AINotesTests;
				PRODUCT_NAME = "$(TARGET_NAME)";
				SWIFT_EMIT_LOC_STRINGS = NO;
				SWIFT_VERSION = 5.0;
				TARGETED_DEVICE_FAMILY = "1,2";
				TEST_HOST = "$(BUILT_PRODUCTS_DIR)/AINotes.app/$(BUNDLE_EXECUTABLE_FOLDER_PATH)/AINotes";
			};
			name = Release;
		};
		BDA4898F2DDF6BD000E4E4C0 /* Debug */ = {
			isa = XCBuildConfiguration;
			buildSettings = {
				CODE_SIGN_STYLE = Automatic;
				CURRENT_PROJECT_VERSION = 1;
				GENERATE_INFOPLIST_FILE = YES;
				MARKETING_VERSION = 1.0;
				PRODUCT_BUNDLE_IDENTIFIER = MAC221.AINotesUITests;
				PRODUCT_NAME = "$(TARGET_NAME)";
				SWIFT_EMIT_LOC_STRINGS = NO;
				SWIFT_VERSION = 5.0;
				TARGETED_DEVICE_FAMILY = "1,2";
				TEST_TARGET_NAME = AINotes;
			};
			name = Debug;
		};
		BDA489902DDF6BD000E4E4C0 /* Release */ = {
			isa = XCBuildConfiguration;
			buildSettings = {
				CODE_SIGN_STYLE = Automatic;
				CURRENT_PROJECT_VERSION = 1;
				GENERATE_INFOPLIST_FILE = YES;
				MARKETING_VERSION = 1.0;
				PRODUCT_BUNDLE_IDENTIFIER = MAC221.AINotesUITests;
				PRODUCT_NAME = "$(TARGET_NAME)";
				SWIFT_EMIT_LOC_STRINGS = NO;
				SWIFT_VERSION = 5.0;
				TARGETED_DEVICE_FAMILY = "1,2";
				TEST_TARGET_NAME = AINotes;
			};
			name = Release;
		};
/* End XCBuildConfiguration section */

/* Begin XCConfigurationList section */
		BDA489622DDF6BCF00E4E4C0 /* Build configuration list for PBXProject "AINotes" */ = {
			isa = XCConfigurationList;
			buildConfigurations = (
				BDA489862DDF6BD000E4E4C0 /* Debug */,
				BDA489872DDF6BD000E4E4C0 /* Release */,
			);
			defaultConfigurationIsVisible = 0;
			defaultConfigurationName = Release;
		};
		BDA489882DDF6BD000E4E4C0 /* Build configuration list for PBXNativeTarget "AINotes" */ = {
			isa = XCConfigurationList;
			buildConfigurations = (
				BDA489892DDF6BD000E4E4C0 /* Debug */,
				BDA4898A2DDF6BD000E4E4C0 /* Release */,
			);
			defaultConfigurationIsVisible = 0;
			defaultConfigurationName = Release;
		};
		BDA4898B2DDF6BD000E4E4C0 /* Build configuration list for PBXNativeTarget "AINotesTests" */ = {
			isa = XCConfigurationList;
			buildConfigurations = (
				BDA4898C2DDF6BD000E4E4C0 /* Debug */,
				BDA4898D2DDF6BD000E4E4C0 /* Release */,
			);
			defaultConfigurationIsVisible = 0;
			defaultConfigurationName = Release;
		};
		BDA4898E2DDF6BD000E4E4C0 /* Build configuration list for PBXNativeTarget "AINotesUITests" */ = {
			isa = XCConfigurationList;
			buildConfigurations = (
				BDA4898F2DDF6BD000E4E4C0 /* Debug */,
				BDA489902DDF6BD000E4E4C0 /* Release */,
			);
			defaultConfigurationIsVisible = 0;
			defaultConfigurationName = Release;
		};
/* End XCConfigurationList section */
	};
	rootObject = BDA4895F2DDF6BCF00E4E4C0 /* Project object */;
}
